
Microsoft Visual Studio Solution File, Format Version 12.00
# Visual Studio Version 17
VisualStudioVersion = 17.11.35327.3
MinimumVisualStudioVersion = 10.0.40219.1
Project("{F184B08F-C81C-45F6-A57F-5ABD9991F28F}") = "DDSPatcher", "DDSPatcher\DDSPatcher.vbproj", "{5B4717FA-22E1-4A53-9484-67B8328B48BF}"
EndProject
Global
	GlobalSection(SolutionConfigurationPlatforms) = preSolution
		Debug|Any CPU = Debug|Any CPU
		Release|Any CPU = Release|Any CPU
	EndGlobalSection
	GlobalSection(ProjectConfigurationPlatforms) = postSolution
		{5B4717FA-22E1-4A53-9484-67B8328B48BF}.Debug|Any CPU.ActiveCfg = Debug|Any CPU
		{5B4717FA-22E1-4A53-9484-67B8328B48BF}.Debug|Any CPU.Build.0 = Debug|Any CPU
		{5B4717FA-22E1-4A53-9484-67B8328B48BF}.Release|Any CPU.ActiveCfg = Release|Any CPU
		{5B4717FA-22E1-4A53-9484-67B8328B48BF}.Release|Any CPU.Build.0 = Release|Any CPU
	EndGlobalSection
	GlobalSection(SolutionProperties) = preSolution
		HideSolutionNode = FALSE
	EndGlobalSection
	GlobalSection(ExtensibilityGlobals) = postSolution
		SolutionGuid = {010E03F6-0FB4-4944-AB1B-87B7EFA8FA40}
	EndGlobalSection
EndGlobal
